// !$*UTF8*$!
{
	archiveVersion = 1;
	classes = {
	};
	objectVersion = 56;
	objects = {

/* Begin PBXBuildFile section */
		9E485C9A2AF9FCCD00FE59E7 /* InterfaceWithCodeViewController.swift in Sources */ = {isa = PBXBuildFile; fileRef = 9E485C992AF9FCCD00FE59E7 /* InterfaceWithCodeViewController.swift */; };
		9E485C9C2AF9FCE000FE59E7 /* InterfaceWithCode.storyboard in Resources */ = {isa = PBXBuildFile; fileRef = 9E485C9B2AF9FCE000FE59E7 /* InterfaceWithCode.storyboard */; };
		9EE1A12F2AD58D2700E552AF /* AppDelegate.swift in Sources */ = {isa = PBXBuildFile; fileRef = 9EE1A12E2AD58D2700E552AF /* AppDelegate.swift */; };
		9EE1A1312AD58D2700E552AF /* SceneDelegate.swift in Sources */ = {isa = PBXBuildFile; fileRef = 9EE1A1302AD58D2700E552AF /* SceneDelegate.swift */; };
		9EE1A1362AD58D2700E552AF /* Main.storyboard in Resources */ = {isa = PBXBuildFile; fileRef = 9EE1A1342AD58D2700E552AF /* Main.storyboard */; };
		9EE1A1382AD58D2900E552AF /* Assets.xcassets in Resources */ = {isa = PBXBuildFile; fileRef = 9EE1A1372AD58D2900E552AF /* Assets.xcassets */; };
		9EE1A13B2AD58D2900E552AF /* LaunchScreen.storyboard in Resources */ = {isa = PBXBuildFile; fileRef = 9EE1A1392AD58D2900E552AF /* LaunchScreen.storyboard */; };
		9EF218232AF7344400189DF9 /* Basic.storyboard in Resources */ = {isa = PBXBuildFile; fileRef = 9EF218222AF7344400189DF9 /* Basic.storyboard */; };
		9EF218252AF7344E00189DF9 /* Customizing.storyboard in Resources */ = {isa = PBXBuildFile; fileRef = 9EF218242AF7344E00189DF9 /* Customizing.storyboard */; };
		9EF218272AF7345500189DF9 /* Zooming.storyboard in Resources */ = {isa = PBXBuildFile; fileRef = 9EF218262AF7345500189DF9 /* Zooming.storyboard */; };
		9EF218292AF7345C00189DF9 /* Pages.storyboard in Resources */ = {isa = PBXBuildFile; fileRef = 9EF218282AF7345C00189DF9 /* Pages.storyboard */; };
		9EF2182B2AF7346700189DF9 /* InterfaceWithStoryboard.storyboard in Resources */ = {isa = PBXBuildFile; fileRef = 9EF2182A2AF7346700189DF9 /* InterfaceWithStoryboard.storyboard */; };
		9EF2182F2AF7347C00189DF9 /* CustomizingViewController.swift in Sources */ = {isa = PBXBuildFile; fileRef = 9EF2182E2AF7347C00189DF9 /* CustomizingViewController.swift */; };
		9EF218312AF7348A00189DF9 /* ZoomingViewController.swift in Sources */ = {isa = PBXBuildFile; fileRef = 9EF218302AF7348A00189DF9 /* ZoomingViewController.swift */; };
		9EF218332AF7349600189DF9 /* PagesViewController.swift in Sources */ = {isa = PBXBuildFile; fileRef = 9EF218322AF7349600189DF9 /* PagesViewController.swift */; };
		9EF218362AF74AC400189DF9 /* PagesWithZooming.storyboard in Resources */ = {isa = PBXBuildFile; fileRef = 9EF218352AF74AC400189DF9 /* PagesWithZooming.storyboard */; };
		9EF218382AF74ACB00189DF9 /* PagesWithZoomingViewController.swift in Sources */ = {isa = PBXBuildFile; fileRef = 9EF218372AF74ACB00189DF9 /* PagesWithZoomingViewController.swift */; };
/* End PBXBuildFile section */

/* Begin PBXFileReference section */
		9E485C992AF9FCCD00FE59E7 /* InterfaceWithCodeViewController.swift */ = {isa = PBXFileReference; lastKnownFileType = sourcecode.swift; path = InterfaceWithCodeViewController.swift; sourceTree = "<group>"; };
		9E485C9B2AF9FCE000FE59E7 /* InterfaceWithCode.storyboard */ = {isa = PBXFileReference; lastKnownFileType = file.storyboard; path = InterfaceWithCode.storyboard; sourceTree = "<group>"; };
		9EE1A12B2AD58D2700E552AF /* ScrollView.app */ = {isa = PBXFileReference; explicitFileType = wrapper.application; includeInIndex = 0; path = ScrollView.app; sourceTree = BUILT_PRODUCTS_DIR; };
		9EE1A12E2AD58D2700E552AF /* AppDelegate.swift */ = {isa = PBXFileReference; lastKnownFileType = sourcecode.swift; path = AppDelegate.swift; sourceTree = "<group>"; };
		9EE1A1302AD58D2700E552AF /* SceneDelegate.swift */ = {isa = PBXFileReference; lastKnownFileType = sourcecode.swift; path = SceneDelegate.swift; sourceTree = "<group>"; };
		9EE1A1352AD58D2700E552AF /* Base */ = {isa = PBXFileReference; lastKnownFileType = file.storyboard; name = Base; path = Base.lproj/Main.storyboard; sourceTree = "<group>"; };
		9EE1A1372AD58D2900E552AF /* Assets.xcassets */ = {isa = PBXFileReference; lastKnownFileType = folder.assetcatalog; path = Assets.xcassets; sourceTree = "<group>"; };
		9EE1A13A2AD58D2900E552AF /* Base */ = {isa = PBXFileReference; lastKnownFileType = file.storyboard; name = Base; path = Base.lproj/LaunchScreen.storyboard; sourceTree = "<group>"; };
		9EE1A13C2AD58D2900E552AF /* Info.plist */ = {isa = PBXFileReference; lastKnownFileType = text.plist.xml; path = Info.plist; sourceTree = "<group>"; };
		9EF218222AF7344400189DF9 /* Basic.storyboard */ = {isa = PBXFileReference; lastKnownFileType = file.storyboard; path = Basic.storyboard; sourceTree = "<group>"; };
		9EF218242AF7344E00189DF9 /* Customizing.storyboard */ = {isa = PBXFileReference; lastKnownFileType = file.storyboard; path = Customizing.storyboard; sourceTree = "<group>"; };
		9EF218262AF7345500189DF9 /* Zooming.storyboard */ = {isa = PBXFileReference; lastKnownFileType = file.storyboard; path = Zooming.storyboard; sourceTree = "<group>"; };
		9EF218282AF7345C00189DF9 /* Pages.storyboard */ = {isa = PBXFileReference; lastKnownFileType = file.storyboard; path = Pages.storyboard; sourceTree = "<group>"; };
		9EF2182A2AF7346700189DF9 /* InterfaceWithStoryboard.storyboard */ = {isa = PBXFileReference; lastKnownFileType = file.storyboard; path = InterfaceWithStoryboard.storyboard; sourceTree = "<group>"; };
		9EF2182E2AF7347C00189DF9 /* CustomizingViewController.swift */ = {isa = PBXFileReference; lastKnownFileType = sourcecode.swift; path = CustomizingViewController.swift; sourceTree = "<group>"; };
		9EF218302AF7348A00189DF9 /* ZoomingViewController.swift */ = {isa = PBXFileReference; lastKnownFileType = sourcecode.swift; path = ZoomingViewController.swift; sourceTree = "<group>"; };
		9EF218322AF7349600189DF9 /* PagesViewController.swift */ = {isa = PBXFileReference; lastKnownFileType = sourcecode.swift; path = PagesViewController.swift; sourceTree = "<group>"; };
		9EF218352AF74AC400189DF9 /* PagesWithZooming.storyboard */ = {isa = PBXFileReference; lastKnownFileType = file.storyboard; path = PagesWithZooming.storyboard; sourceTree = "<group>"; };
		9EF218372AF74ACB00189DF9 /* PagesWithZoomingViewController.swift */ = {isa = PBXFileReference; lastKnownFileType = sourcecode.swift; path = PagesWithZoomingViewController.swift; sourceTree = "<group>"; };
/* End PBXFileReference section */

/* Begin PBXFrameworksBuildPhase section */
		9EE1A1282AD58D2700E552AF /* Frameworks */ = {
			isa = PBXFrameworksBuildPhase;
			buildActionMask = 2147483647;
			files = (
			);
			runOnlyForDeploymentPostprocessing = 0;
		};
/* End PBXFrameworksBuildPhase section */

/* Begin PBXGroup section */
		9EE1A1222AD58D2700E552AF = {
			isa = PBXGroup;
			children = (
				9EE1A12D2AD58D2700E552AF /* ScrollView */,
				9EE1A12C2AD58D2700E552AF /* Products */,
			);
			sourceTree = "<group>";
		};
		9EE1A12C2AD58D2700E552AF /* Products */ = {
			isa = PBXGroup;
			children = (
				9EE1A12B2AD58D2700E552AF /* ScrollView.app */,
			);
			name = Products;
			sourceTree = "<group>";
		};
		9EE1A12D2AD58D2700E552AF /* ScrollView */ = {
			isa = PBXGroup;
			children = (
				9EE1A12E2AD58D2700E552AF /* AppDelegate.swift */,
				9EE1A1302AD58D2700E552AF /* SceneDelegate.swift */,
				9EE1A1342AD58D2700E552AF /* Main.storyboard */,
				9EF2181D2AF7323300189DF9 /* Basic */,
				9EF2181E2AF733F000189DF9 /* Customizing */,
				9EF2181F2AF7342B00189DF9 /* Zooming */,
				9EF218202AF7343200189DF9 /* Pages */,
				9EF218342AF74AB400189DF9 /* PagesWithZooming */,
				9EF218212AF7343700189DF9 /* Interface */,
				9EE1A1372AD58D2900E552AF /* Assets.xcassets */,
				9EE1A1392AD58D2900E552AF /* LaunchScreen.storyboard */,
				9EE1A13C2AD58D2900E552AF /* Info.plist */,
			);
			path = ScrollView;
			sourceTree = "<group>";
		};
		9EF2181D2AF7323300189DF9 /* Basic */ = {
			isa = PBXGroup;
			children = (
				9EF218222AF7344400189DF9 /* Basic.storyboard */,
			);
			path = Basic;
			sourceTree = "<group>";
		};
		9EF2181E2AF733F000189DF9 /* Customizing */ = {
			isa = PBXGroup;
			children = (
				9EF218242AF7344E00189DF9 /* Customizing.storyboard */,
				9EF2182E2AF7347C00189DF9 /* CustomizingViewController.swift */,
			);
			path = Customizing;
			sourceTree = "<group>";
		};
		9EF2181F2AF7342B00189DF9 /* Zooming */ = {
			isa = PBXGroup;
			children = (
				9EF218262AF7345500189DF9 /* Zooming.storyboard */,
				9EF218302AF7348A00189DF9 /* ZoomingViewController.swift */,
			);
			path = Zooming;
			sourceTree = "<group>";
		};
		9EF218202AF7343200189DF9 /* Pages */ = {
			isa = PBXGroup;
			children = (
				9EF218282AF7345C00189DF9 /* Pages.storyboard */,
				9EF218322AF7349600189DF9 /* PagesViewController.swift */,
			);
			path = Pages;
			sourceTree = "<group>";
		};
		9EF218212AF7343700189DF9 /* Interface */ = {
			isa = PBXGroup;
			children = (
				9EF2182A2AF7346700189DF9 /* InterfaceWithStoryboard.storyboard */,
				9E485C9B2AF9FCE000FE59E7 /* InterfaceWithCode.storyboard */,
				9E485C992AF9FCCD00FE59E7 /* InterfaceWithCodeViewController.swift */,
			);
			path = Interface;
			sourceTree = "<group>";
		};
		9EF218342AF74AB400189DF9 /* PagesWithZooming */ = {
			isa = PBXGroup;
			children = (
				9EF218352AF74AC400189DF9 /* PagesWithZooming.storyboard */,
				9EF218372AF74ACB00189DF9 /* PagesWithZoomingViewController.swift */,
			);
			path = PagesWithZooming;
			sourceTree = "<group>";
		};
/* End PBXGroup section */

/* Begin PBXNativeTarget section */
		9EE1A12A2AD58D2700E552AF /* ScrollView */ = {
			isa = PBXNativeTarget;
			buildConfigurationList = 9EE1A13F2AD58D2900E552AF /* Build configuration list for PBXNativeTarget "ScrollView" */;
			buildPhases = (
				9EE1A1272AD58D2700E552AF /* Sources */,
				9EE1A1282AD58D2700E552AF /* Frameworks */,
				9EE1A1292AD58D2700E552AF /* Resources */,
			);
			buildRules = (
			);
			dependencies = (
			);
			name = ScrollView;
			productName = ScrollView;
			productReference = 9EE1A12B2AD58D2700E552AF /* ScrollView.app */;
			productType = "com.apple.product-type.application";
		};
/* End PBXNativeTarget section */

/* Begin PBXProject section */
		9EE1A1232AD58D2700E552AF /* Project object */ = {
			isa = PBXProject;
			attributes = {
				BuildIndependentTargetsInParallel = 1;
				LastSwiftUpdateCheck = 1500;
				LastUpgradeCheck = 1500;
				TargetAttributes = {
					9EE1A12A2AD58D2700E552AF = {
						CreatedOnToolsVersion = 15.0;
					};
				};
			};
			buildConfigurationList = 9EE1A1262AD58D2700E552AF /* Build configuration list for PBXProject "ScrollView" */;
			compatibilityVersion = "Xcode 14.0";
			developmentRegion = en;
			hasScannedForEncodings = 0;
			knownRegions = (
				en,
				Base,
			);
			mainGroup = 9EE1A1222AD58D2700E552AF;
			productRefGroup = 9EE1A12C2AD58D2700E552AF /* Products */;
			projectDirPath = "";
			projectRoot = "";
			targets = (
				9EE1A12A2AD58D2700E552AF /* ScrollView */,
			);
		};
/* End PBXProject section */

/* Begin PBXResourcesBuildPhase section */
		9EE1A1292AD58D2700E552AF /* Resources */ = {
			isa = PBXResourcesBuildPhase;
			buildActionMask = 2147483647;
			files = (
				9EF218362AF74AC400189DF9 /* PagesWithZooming.storyboard in Resources */,
				9EE1A13B2AD58D2900E552AF /* LaunchScreen.storyboard in Resources */,
				9EF218232AF7344400189DF9 /* Basic.storyboard in Resources */,
				9E485C9C2AF9FCE000FE59E7 /* InterfaceWithCode.storyboard in Resources */,
				9EE1A1382AD58D2900E552AF /* Assets.xcassets in Resources */,
				9EE1A1362AD58D2700E552AF /* Main.storyboard in Resources */,
				9EF2182B2AF7346700189DF9 /* InterfaceWithStoryboard.storyboard in Resources */,
				9EF218272AF7345500189DF9 /* Zooming.storyboard in Resources */,
				9EF218252AF7344E00189DF9 /* Customizing.storyboard in Resources */,
				9EF218292AF7345C00189DF9 /* Pages.storyboard in Resources */,
			);
			runOnlyForDeploymentPostprocessing = 0;
		};
/* End PBXResourcesBuildPhase section */

/* Begin PBXSourcesBuildPhase section */
		9EE1A1272AD58D2700E552AF /* Sources */ = {
			isa = PBXSourcesBuildPhase;
			buildActionMask = 2147483647;
			files = (
				9EE1A12F2AD58D2700E552AF /* AppDelegate.swift in Sources */,
				9E485C9A2AF9FCCD00FE59E7 /* InterfaceWithCodeViewController.swift in Sources */,
				9EF218382AF74ACB00189DF9 /* PagesWithZoomingViewController.swift in Sources */,
				9EF2182F2AF7347C00189DF9 /* CustomizingViewController.swift in Sources */,
				9EF218332AF7349600189DF9 /* PagesViewController.swift in Sources */,
				9EE1A1312AD58D2700E552AF /* SceneDelegate.swift in Sources */,
				9EF218312AF7348A00189DF9 /* ZoomingViewController.swift in Sources */,
			);
			runOnlyForDeploymentPostprocessing = 0;
		};
/* End PBXSourcesBuildPhase section */

/* Begin PBXVariantGroup section */
		9EE1A1342AD58D2700E552AF /* Main.storyboard */ = {
			isa = PBXVariantGroup;
			children = (
				9EE1A1352AD58D2700E552AF /* Base */,
			);
			name = Main.storyboard;
			sourceTree = "<group>";
		};
		9EE1A1392AD58D2900E552AF /* LaunchScreen.storyboard */ = {
			isa = PBXVariantGroup;
			children = (
				9EE1A13A2AD58D2900E552AF /* Base */,
			);
			name = LaunchScreen.storyboard;
			sourceTree = "<group>";
		};
/* End PBXVariantGroup section */

/* Begin XCBuildConfiguration section */
		9EE1A13D2AD58D2900E552AF /* Debug */ = {
			isa = XCBuildConfiguration;
			buildSettings = {
				ALWAYS_SEARCH_USER_PATHS = NO;
				ASSETCATALOG_COMPILER_GENERATE_SWIFT_ASSET_SYMBOL_EXTENSIONS = YES;
				CLANG_ANALYZER_NONNULL = YES;
				CLANG_ANALYZER_NUMBER_OBJECT_CONVERSION = YES_AGGRESSIVE;
				CLANG_CXX_LANGUAGE_STANDARD = "gnu++20";
				CLANG_ENABLE_MODULES = YES;
				CLANG_ENABLE_OBJC_ARC = YES;
				CLANG_ENABLE_OBJC_WEAK = YES;
				CLANG_WARN_BLOCK_CAPTURE_AUTORELEASING = YES;
				CLANG_WARN_BOOL_CONVERSION = YES;
				CLANG_WARN_COMMA = YES;
				CLANG_WARN_CONSTANT_CONVERSION = YES;
				CLANG_WARN_DEPRECATED_OBJC_IMPLEMENTATIONS = YES;
				CLANG_WARN_DIRECT_OBJC_ISA_USAGE = YES_ERROR;
				CLANG_WARN_DOCUMENTATION_COMMENTS = YES;
				CLANG_WARN_EMPTY_BODY = YES;
				CLANG_WARN_ENUM_CONVERSION = YES;
				CLANG_WARN_INFINITE_RECURSION = YES;
				CLANG_WARN_INT_CONVERSION = YES;
				CLANG_WARN_NON_LITERAL_NULL_CONVERSION = YES;
				CLANG_WARN_OBJC_IMPLICIT_RETAIN_SELF = YES;
				CLANG_WARN_OBJC_LITERAL_CONVERSION = YES;
				CLANG_WARN_OBJC_ROOT_CLASS = YES_ERROR;
				CLANG_WARN_QUOTED_INCLUDE_IN_FRAMEWORK_HEADER = YES;
				CLANG_WARN_RANGE_LOOP_ANALYSIS = YES;
				CLANG_WARN_STRICT_PROTOTYPES = YES;
				CLANG_WARN_SUSPICIOUS_MOVE = YES;
				CLANG_WARN_UNGUARDED_AVAILABILITY = YES_AGGRESSIVE;
				CLANG_WARN_UNREACHABLE_CODE = YES;
				CLANG_WARN__DUPLICATE_METHOD_MATCH = YES;
				COPY_PHASE_STRIP = NO;
				DEBUG_INFORMATION_FORMAT = dwarf;
				ENABLE_STRICT_OBJC_MSGSEND = YES;
				ENABLE_TESTABILITY = YES;
				ENABLE_USER_SCRIPT_SANDBOXING = YES;
				GCC_C_LANGUAGE_STANDARD = gnu17;
				GCC_DYNAMIC_NO_PIC = NO;
				GCC_NO_COMMON_BLOCKS = YES;
				GCC_OPTIMIZATION_LEVEL = 0;
				GCC_PREPROCESSOR_DEFINITIONS = (
					"DEBUG=1",
					"$(inherited)",
				);
				GCC_WARN_64_TO_32_BIT_CONVERSION = YES;
				GCC_WARN_ABOUT_RETURN_TYPE = YES_ERROR;
				GCC_WARN_UNDECLARED_SELECTOR = YES;
				GCC_WARN_UNINITIALIZED_AUTOS = YES_AGGRESSIVE;
				GCC_WARN_UNUSED_FUNCTION = YES;
				GCC_WARN_UNUSED_VARIABLE = YES;
				IPHONEOS_DEPLOYMENT_TARGET = 17.0;
				LOCALIZATION_PREFERS_STRING_CATALOGS = YES;
				MTL_ENABLE_DEBUG_INFO = INCLUDE_SOURCE;
				MTL_FAST_MATH = YES;
				ONLY_ACTIVE_ARCH = YES;
				SDKROOT = iphoneos;
				SWIFT_ACTIVE_COMPILATION_CONDITIONS = "DEBUG $(inherited)";
				SWIFT_OPTIMIZATION_LEVEL = "-Onone";
			};
			name = Debug;
		};
		9EE1A13E2AD58D2900E552AF /* Release */ = {
			isa = XCBuildConfiguration;
			buildSettings = {
				ALWAYS_SEARCH_USER_PATHS = NO;
				ASSETCATALOG_COMPILER_GENERATE_SWIFT_ASSET_SYMBOL_EXTENSIONS = YES;
				CLANG_ANALYZER_NONNULL = YES;
				CLANG_ANALYZER_NUMBER_OBJECT_CONVERSION = YES_AGGRESSIVE;
				CLANG_CXX_LANGUAGE_STANDARD = "gnu++20";
				CLANG_ENABLE_MODULES = YES;
				CLANG_ENABLE_OBJC_ARC = YES;
				CLANG_ENABLE_OBJC_WEAK = YES;
				CLANG_WARN_BLOCK_CAPTURE_AUTORELEASING = YES;
				CLANG_WARN_BOOL_CONVERSION = YES;
				CLANG_WARN_COMMA = YES;
				CLANG_WARN_CONSTANT_CONVERSION = YES;
				CLANG_WARN_DEPRECATED_OBJC_IMPLEMENTATIONS = YES;
				CLANG_WARN_DIRECT_OBJC_ISA_USAGE = YES_ERROR;
				CLANG_WARN_DOCUMENTATION_COMMENTS = YES;
				CLANG_WARN_EMPTY_BODY = YES;
				CLANG_WARN_ENUM_CONVERSION = YES;
				CLANG_WARN_INFINITE_RECURSION = YES;
				CLANG_WARN_INT_CONVERSION = YES;
				CLANG_WARN_NON_LITERAL_NULL_CONVERSION = YES;
				CLANG_WARN_OBJC_IMPLICIT_RETAIN_SELF = YES;
				CLANG_WARN_OBJC_LITERAL_CONVERSION = YES;
				CLANG_WARN_OBJC_ROOT_CLASS = YES_ERROR;
				CLANG_WARN_QUOTED_INCLUDE_IN_FRAMEWORK_HEADER = YES;
				CLANG_WARN_RANGE_LOOP_ANALYSIS = YES;
				CLANG_WARN_STRICT_PROTOTYPES = YES;
				CLANG_WARN_SUSPICIOUS_MOVE = YES;
				CLANG_WARN_UNGUARDED_AVAILABILITY = YES_AGGRESSIVE;
				CLANG_WARN_UNREACHABLE_CODE = YES;
				CLANG_WARN__DUPLICATE_METHOD_MATCH = YES;
				COPY_PHASE_STRIP = NO;
				DEBUG_INFORMATION_FORMAT = "dwarf-with-dsym";
				ENABLE_NS_ASSERTIONS = NO;
				ENABLE_STRICT_OBJC_MSGSEND = YES;
				ENABLE_USER_SCRIPT_SANDBOXING = YES;
				GCC_C_LANGUAGE_STANDARD = gnu17;
				GCC_NO_COMMON_BLOCKS = YES;
				GCC_WARN_64_TO_32_BIT_CONVERSION = YES;
				GCC_WARN_ABOUT_RETURN_TYPE = YES_ERROR;
				GCC_WARN_UNDECLARED_SELECTOR = YES;
				GCC_WARN_UNINITIALIZED_AUTOS = YES_AGGRESSIVE;
				GCC_WARN_UNUSED_FUNCTION = YES;
				GCC_WARN_UNUSED_VARIABLE = YES;
				IPHONEOS_DEPLOYMENT_TARGET = 17.0;
				LOCALIZATION_PREFERS_STRING_CATALOGS = YES;
				MTL_ENABLE_DEBUG_INFO = NO;
				MTL_FAST_MATH = YES;
				SDKROOT = iphoneos;
				SWIFT_COMPILATION_MODE = wholemodule;
				VALIDATE_PRODUCT = YES;
			};
			name = Release;
		};
		9EE1A1402AD58D2900E552AF /* Debug */ = {
			isa = XCBuildConfiguration;
			buildSettings = {
				ASSETCATALOG_COMPILER_APPICON_NAME = AppIcon;
				ASSETCATALOG_COMPILER_GLOBAL_ACCENT_COLOR_NAME = AccentColor;
				CODE_SIGN_STYLE = Automatic;
				CURRENT_PROJECT_VERSION = 1;
				DEVELOPMENT_TEAM = 4DQM269FVB;
				GENERATE_INFOPLIST_FILE = YES;
				INFOPLIST_FILE = ScrollView/Info.plist;
				INFOPLIST_KEY_UIApplicationSupportsIndirectInputEvents = YES;
				INFOPLIST_KEY_UILaunchStoryboardName = LaunchScreen;
				INFOPLIST_KEY_UIMainStoryboardFile = Main;
				INFOPLIST_KEY_UISupportedInterfaceOrientations_iPad = "UIInterfaceOrientationPortrait UIInterfaceOrientationPortraitUpsideDown UIInterfaceOrientationLandscapeLeft UIInterfaceOrientationLandscapeRight";
				INFOPLIST_KEY_UISupportedInterfaceOrientations_iPhone = "UIInterfaceOrientationPortrait UIInterfaceOrientationLandscapeLeft UIInterfaceOrientationLandscapeRight";
				LD_RUNPATH_SEARCH_PATHS = (
					"$(inherited)",
					"@executable_path/Frameworks",
				);
				MARKETING_VERSION = 1.0;
				PRODUCT_BUNDLE_IDENTIFIER = "com.kunwoo-kim.ScrollView";
				PRODUCT_NAME = "$(TARGET_NAME)";
				SWIFT_EMIT_LOC_STRINGS = YES;
				SWIFT_VERSION = 5.0;
				TARGETED_DEVICE_FAMILY = "1,2";
			};
			name = Debug;
		};
		9EE1A1412AD58D2900E552AF /* Release */ = {
			isa = XCBuildConfiguration;
			buildSettings = {
				ASSETCATALOG_COMPILER_APPICON_NAME = AppIcon;
				ASSETCATALOG_COMPILER_GLOBAL_ACCENT_COLOR_NAME = AccentColor;
				CODE_SIGN_STYLE = Automatic;
				CURRENT_PROJECT_VERSION = 1;
				DEVELOPMENT_TEAM = 4DQM269FVB;
				GENERATE_INFOPLIST_FILE = YES;
				INFOPLIST_FILE = ScrollView/Info.plist;
				INFOPLIST_KEY_UIApplicationSupportsIndirectInputEvents = YES;
				INFOPLIST_KEY_UILaunchStoryboardName = LaunchScreen;
				INFOPLIST_KEY_UIMainStoryboardFile = Main;
				INFOPLIST_KEY_UISupportedInterfaceOrientations_iPad = "UIInterfaceOrientationPortrait UIInterfaceOrientationPortraitUpsideDown UIInterfaceOrientationLandscapeLeft UIInterfaceOrientationLandscapeRight";
				INFOPLIST_KEY_UISupportedInterfaceOrientations_iPhone = "UIInterfaceOrientationPortrait UIInterfaceOrientationLandscapeLeft UIInterfaceOrientationLandscapeRight";
				LD_RUNPATH_SEARCH_PATHS = (
					"$(inherited)",
					"@executable_path/Frameworks",
				);
				MARKETING_VERSION = 1.0;
				PRODUCT_BUNDLE_IDENTIFIER = "com.kunwoo-kim.ScrollView";
				PRODUCT_NAME = "$(TARGET_NAME)";
				SWIFT_EMIT_LOC_STRINGS = YES;
				SWIFT_VERSION = 5.0;
				TARGETED_DEVICE_FAMILY = "1,2";
			};
			name = Release;
		};
/* End XCBuildConfiguration section */

/* Begin XCConfigurationList section */
		9EE1A1262AD58D2700E552AF /* Build configuration list for PBXProject "ScrollView" */ = {
			isa = XCConfigurationList;
			buildConfigurations = (
				9EE1A13D2AD58D2900E552AF /* Debug */,
				9EE1A13E2AD58D2900E552AF /* Release */,
			);
			defaultConfigurationIsVisible = 0;
			defaultConfigurationName = Release;
		};
		9EE1A13F2AD58D2900E552AF /* Build configuration list for PBXNativeTarget "ScrollView" */ = {
			isa = XCConfigurationList;
			buildConfigurations = (
				9EE1A1402AD58D2900E552AF /* Debug */,
				9EE1A1412AD58D2900E552AF /* Release */,
			);
			defaultConfigurationIsVisible = 0;
			defaultConfigurationName = Release;
		};
/* End XCConfigurationList section */
	};
	rootObject = 9EE1A1232AD58D2700E552AF /* Project object */;
}
